
Microsoft Visual Studio Solution File, Format Version 12.00
# Visual Studio Version 17
VisualStudioVersion = 17.8.34511.84
MinimumVisualStudioVersion = 10.0.40219.1
Project("{FAE04EC0-301F-11D3-BF4B-00C04F79EFBC}") = "BynaryTree", "BynaryTree\BynaryTree.csproj", "{2CFDE7F0-08A6-43CD-8124-0579A195B08C}"
EndProject
Global
	GlobalSection(SolutionConfigurationPlatforms) = preSolution
		Debug|Any CPU = Debug|Any CPU
		Release|Any CPU = Release|Any CPU
	EndGlobalSection
	GlobalSection(ProjectConfigurationPlatforms) = postSolution
		{2CFDE7F0-08A6-43CD-8124-0579A195B08C}.Debug|Any CPU.ActiveCfg = Debug|Any CPU
		{2CFDE7F0-08A6-43CD-8124-0579A195B08C}.Debug|Any CPU.Build.0 = Debug|Any CPU
		{2CFDE7F0-08A6-43CD-8124-0579A195B08C}.Release|Any CPU.ActiveCfg = Release|Any CPU
		{2CFDE7F0-08A6-43CD-8124-0579A195B08C}.Release|Any CPU.Build.0 = Release|Any CPU
	EndGlobalSection
	GlobalSection(SolutionProperties) = preSolution
		HideSolutionNode = FALSE
	EndGlobalSection
	GlobalSection(ExtensibilityGlobals) = postSolution
		SolutionGuid = {B60559C3-B80D-4173-B72E-94BD5D3E7D51}
	EndGlobalSection
EndGlobal
